
Microsoft Visual Studio Solution File, Format Version 12.00
# Visual Studio 2013
VisualStudioVersion = 12.0.21005.1
MinimumVisualStudioVersion = 10.0.40219.1
Project("{FAE04EC0-301F-11D3-BF4B-00C04F79EFBC}") = "Loja", "Loja\Loja.csproj", "{C99E676D-803F-43F3-A5AE-CD25ED349E74}"
EndProject
Project("{FAE04EC0-301F-11D3-BF4B-00C04F79EFBC}") = "LojaTest", "LojaTest\LojaTest.csproj", "{2A09D068-C8D0-4CBA-9AD0-820E88554BC9}"
EndProject
Project("{FAE04EC0-301F-11D3-BF4B-00C04F79EFBC}") = "Loja.UI", "Loja.UI\Loja.UI.csproj", "{27EE800A-E57E-4F2E-B7B6-C6AA3C69CE49}"
EndProject
Global
	GlobalSection(SolutionConfigurationPlatforms) = preSolution
		Debug|Any CPU = Debug|Any CPU
		Release|Any CPU = Release|Any CPU
	EndGlobalSection
	GlobalSection(ProjectConfigurationPlatforms) = postSolution
		{C99E676D-803F-43F3-A5AE-CD25ED349E74}.Debug|Any CPU.ActiveCfg = Debug|Any CPU
		{C99E676D-803F-43F3-A5AE-CD25ED349E74}.Debug|Any CPU.Build.0 = Debug|Any CPU
		{C99E676D-803F-43F3-A5AE-CD25ED349E74}.Release|Any CPU.ActiveCfg = Release|Any CPU
		{C99E676D-803F-43F3-A5AE-CD25ED349E74}.Release|Any CPU.Build.0 = Release|Any CPU
		{2A09D068-C8D0-4CBA-9AD0-820E88554BC9}.Debug|Any CPU.ActiveCfg = Debug|Any CPU
		{2A09D068-C8D0-4CBA-9AD0-820E88554BC9}.Debug|Any CPU.Build.0 = Debug|Any CPU
		{2A09D068-C8D0-4CBA-9AD0-820E88554BC9}.Release|Any CPU.ActiveCfg = Release|Any CPU
		{2A09D068-C8D0-4CBA-9AD0-820E88554BC9}.Release|Any CPU.Build.0 = Release|Any CPU
		{27EE800A-E57E-4F2E-B7B6-C6AA3C69CE49}.Debug|Any CPU.ActiveCfg = Debug|Any CPU
		{27EE800A-E57E-4F2E-B7B6-C6AA3C69CE49}.Debug|Any CPU.Build.0 = Debug|Any CPU
		{27EE800A-E57E-4F2E-B7B6-C6AA3C69CE49}.Release|Any CPU.ActiveCfg = Release|Any CPU
		{27EE800A-E57E-4F2E-B7B6-C6AA3C69CE49}.Release|Any CPU.Build.0 = Release|Any CPU
	EndGlobalSection
	GlobalSection(SolutionProperties) = preSolution
		HideSolutionNode = FALSE
	EndGlobalSection
EndGlobal
